
Microsoft Visual Studio Solution File, Format Version 12.00
# Visual Studio Version 17
VisualStudioVersion = 17.11.35327.3
MinimumVisualStudioVersion = 10.0.40219.1
Project("{FAE04EC0-301F-11D3-BF4B-00C04F79EFBC}") = "NP", "NP\NP.csproj", "{B2DBEA7B-FF7A-490D-9FE7-61F1B1370720}"
EndProject
Global
	GlobalSection(SolutionConfigurationPlatforms) = preSolution
		Debug|Any CPU = Debug|Any CPU
		Release|Any CPU = Release|Any CPU
	EndGlobalSection
	GlobalSection(ProjectConfigurationPlatforms) = postSolution
		{B2DBEA7B-FF7A-490D-9FE7-61F1B1370720}.Debug|Any CPU.ActiveCfg = Debug|Any CPU
		{B2DBEA7B-FF7A-490D-9FE7-61F1B1370720}.Debug|Any CPU.Build.0 = Debug|Any CPU
		{B2DBEA7B-FF7A-490D-9FE7-61F1B1370720}.Release|Any CPU.ActiveCfg = Release|Any CPU
		{B2DBEA7B-FF7A-490D-9FE7-61F1B1370720}.Release|Any CPU.Build.0 = Release|Any CPU
	EndGlobalSection
	GlobalSection(SolutionProperties) = preSolution
		HideSolutionNode = FALSE
	EndGlobalSection
	GlobalSection(ExtensibilityGlobals) = postSolution
		SolutionGuid = {A545BEBA-0142-433F-AF8E-163064532AFF}
	EndGlobalSection
EndGlobal
